# This file is autogenerated, do not edit; changes may be undone by the next 'dep ensure'.


[[projects]]
  branch = "master"
  name = "github.com/mattn/go-runewidth"
  packages = ["."]
  revision = "97311d9f7767e3d6f422ea06661bc2c7a19e8a5d"

[[projects]]
  branch = "master"
  name = "github.com/nsf/termbox-go"
  packages = ["."]
  revision = "88b7b944be8bc8d8ec6195fca97c5869ba20f99d"

[[projects]]
  branch = "master"
  name = "github.com/yargevad/filepathx"
  packages = ["."]
  revision = "907099cb5a626c26c0b04e01adca2798e63d030e"

[solve-meta]
  analyzer-name = "dep"
  analyzer-version = 1
  inputs-digest = "828c676c7684cd90562eae14bc9768525c005cd9c894c4fd5f18b250b91e18c5"
  solver-name = "gps-cdcl"
  solver-version = 1
